{
  "name": "roomappointment",
  "version": "1.0.0",
  "lockfileVersion": 1,
  "requires": true,
  "dependencies": {
    "weui-miniprogram": {
      "version": "1.1.0",
      "resolved": "https://registry.npmjs.org/weui-miniprogram/-/weui-miniprogram-1.1.0.tgz",
      "integrity": "sha512-YBGcXHwhQx5tNbLEFka0k+7THBU4Eb0OqpA4yqafGCZJSjb7uOJnu0Fc8Ajo4Op2B+RNV2jTn3zuhwEFjChj8A=="
    }
  }
}
